
Microsoft Visual Studio Solution File, Format Version 12.00
# Visual Studio Version 17
VisualStudioVersion = 17.7.34031.279
MinimumVisualStudioVersion = 10.0.40219.1
Project("{9A19103F-16F7-4668-BE54-9A1E7A4F7556}") = "ToDoList.Entities", "src\entities\ToDoList.Entities.csproj", "{AEC8BBEE-0CB7-494A-8472-18B1631AA6EE}"
EndProject
Project("{9A19103F-16F7-4668-BE54-9A1E7A4F7556}") = "ToDoList.Messaging", "src\messaging\ToDoList.Messaging.csproj", "{69E23EA6-E261-4BFF-9A93-68AD7AA07270}"
EndProject
Project("{9A19103F-16F7-4668-BE54-9A1E7A4F7556}") = "ToDoList.Model", "src\model\ToDoList.Model.csproj", "{A6F44068-CB69-4678-BD2D-CA926B600659}"
EndProject
Project("{9A19103F-16F7-4668-BE54-9A1E7A4F7556}") = "ToDoList", "src\web\ToDoList.csproj", "{31E4E790-31ED-43E2-A738-1687AB1B6092}"
EndProject
Project("{9A19103F-16F7-4668-BE54-9A1E7A4F7556}") = "TodoList_Functions", "functions\TodoList.Functions\TodoList_Functions.csproj", "{82C97884-FEAB-4108-A025-4B92658655F0}"
EndProject
Global
	GlobalSection(SolutionConfigurationPlatforms) = preSolution
		Debug|Any CPU = Debug|Any CPU
		Release|Any CPU = Release|Any CPU
	EndGlobalSection
	GlobalSection(ProjectConfigurationPlatforms) = postSolution
		{AEC8BBEE-0CB7-494A-8472-18B1631AA6EE}.Debug|Any CPU.ActiveCfg = Debug|Any CPU
		{AEC8BBEE-0CB7-494A-8472-18B1631AA6EE}.Debug|Any CPU.Build.0 = Debug|Any CPU
		{AEC8BBEE-0CB7-494A-8472-18B1631AA6EE}.Release|Any CPU.ActiveCfg = Release|Any CPU
		{AEC8BBEE-0CB7-494A-8472-18B1631AA6EE}.Release|Any CPU.Build.0 = Release|Any CPU
		{69E23EA6-E261-4BFF-9A93-68AD7AA07270}.Debug|Any CPU.ActiveCfg = Debug|Any CPU
		{69E23EA6-E261-4BFF-9A93-68AD7AA07270}.Debug|Any CPU.Build.0 = Debug|Any CPU
		{69E23EA6-E261-4BFF-9A93-68AD7AA07270}.Release|Any CPU.ActiveCfg = Release|Any CPU
		{69E23EA6-E261-4BFF-9A93-68AD7AA07270}.Release|Any CPU.Build.0 = Release|Any CPU
		{A6F44068-CB69-4678-BD2D-CA926B600659}.Debug|Any CPU.ActiveCfg = Debug|Any CPU
		{A6F44068-CB69-4678-BD2D-CA926B600659}.Debug|Any CPU.Build.0 = Debug|Any CPU
		{A6F44068-CB69-4678-BD2D-CA926B600659}.Release|Any CPU.ActiveCfg = Release|Any CPU
		{A6F44068-CB69-4678-BD2D-CA926B600659}.Release|Any CPU.Build.0 = Release|Any CPU
		{31E4E790-31ED-43E2-A738-1687AB1B6092}.Debug|Any CPU.ActiveCfg = Debug|Any CPU
		{31E4E790-31ED-43E2-A738-1687AB1B6092}.Debug|Any CPU.Build.0 = Debug|Any CPU
		{31E4E790-31ED-43E2-A738-1687AB1B6092}.Release|Any CPU.ActiveCfg = Release|Any CPU
		{31E4E790-31ED-43E2-A738-1687AB1B6092}.Release|Any CPU.Build.0 = Release|Any CPU
		{82C97884-FEAB-4108-A025-4B92658655F0}.Debug|Any CPU.ActiveCfg = Debug|Any CPU
		{82C97884-FEAB-4108-A025-4B92658655F0}.Debug|Any CPU.Build.0 = Debug|Any CPU
		{82C97884-FEAB-4108-A025-4B92658655F0}.Release|Any CPU.ActiveCfg = Release|Any CPU
		{82C97884-FEAB-4108-A025-4B92658655F0}.Release|Any CPU.Build.0 = Release|Any CPU
	EndGlobalSection
	GlobalSection(SolutionProperties) = preSolution
		HideSolutionNode = FALSE
	EndGlobalSection
	GlobalSection(ExtensibilityGlobals) = postSolution
		SolutionGuid = {5F3EE33F-8967-4E04-B79B-2307DC640DA3}
	EndGlobalSection
EndGlobal
